
Microsoft Visual Studio Solution File, Format Version 12.00
# Visual Studio 15
VisualStudioVersion = 15.0.27130.2020
MinimumVisualStudioVersion = 15.0.26124.0
Project("{9A19103F-16F7-4668-BE54-9A1E7A4F7556}") = "MacroIO", "MacroIO\MacroIO.csproj", "{94237EBB-D843-4575-8426-09B7E4524AF9}"
EndProject
Project("{9A19103F-16F7-4668-BE54-9A1E7A4F7556}") = "MacroIO.Tests", "MacroIO.Tests\MacroIO.Tests.csproj", "{44B30D99-E33B-44F4-AEBD-4ED11F797983}"
EndProject
Project("{2150E333-8FDC-42A3-9474-1A3956D46DE8}") = "Solution Items", "Solution Items", "{177FA002-BC23-4FE4-BD90-90328EF40A23}"
	ProjectSection(SolutionItems) = preProject
		.gitignore = .gitignore
		.nugit = .nugit
		license.txt = license.txt
		readme.md = readme.md
	EndProjectSection
EndProject
Project("{2150E333-8FDC-42A3-9474-1A3956D46DE8}") = "nugit-MacroGuards", "nugit-MacroGuards", "{E33D1C49-C206-46B3-96B7-6A6A3739AC1A}"
EndProject
Project("{9A19103F-16F7-4668-BE54-9A1E7A4F7556}") = "MacroGuards", "..\MacroGuards\MacroGuards\MacroGuards.csproj", "{EADBBE65-3D8A-42E8-AB55-9E4F6CC24C9B}"
EndProject
Global
	GlobalSection(SolutionConfigurationPlatforms) = preSolution
		Debug|Any CPU = Debug|Any CPU
		Debug|x64 = Debug|x64
		Debug|x86 = Debug|x86
		Release|Any CPU = Release|Any CPU
		Release|x64 = Release|x64
		Release|x86 = Release|x86
	EndGlobalSection
	GlobalSection(ProjectConfigurationPlatforms) = postSolution
		{94237EBB-D843-4575-8426-09B7E4524AF9}.Debug|Any CPU.ActiveCfg = Debug|Any CPU
		{94237EBB-D843-4575-8426-09B7E4524AF9}.Debug|Any CPU.Build.0 = Debug|Any CPU
		{94237EBB-D843-4575-8426-09B7E4524AF9}.Debug|x64.ActiveCfg = Debug|Any CPU
		{94237EBB-D843-4575-8426-09B7E4524AF9}.Debug|x64.Build.0 = Debug|Any CPU
		{94237EBB-D843-4575-8426-09B7E4524AF9}.Debug|x86.ActiveCfg = Debug|Any CPU
		{94237EBB-D843-4575-8426-09B7E4524AF9}.Debug|x86.Build.0 = Debug|Any CPU
		{94237EBB-D843-4575-8426-09B7E4524AF9}.Release|Any CPU.ActiveCfg = Release|Any CPU
		{94237EBB-D843-4575-8426-09B7E4524AF9}.Release|Any CPU.Build.0 = Release|Any CPU
		{94237EBB-D843-4575-8426-09B7E4524AF9}.Release|x64.ActiveCfg = Release|Any CPU
		{94237EBB-D843-4575-8426-09B7E4524AF9}.Release|x64.Build.0 = Release|Any CPU
		{94237EBB-D843-4575-8426-09B7E4524AF9}.Release|x86.ActiveCfg = Release|Any CPU
		{94237EBB-D843-4575-8426-09B7E4524AF9}.Release|x86.Build.0 = Release|Any CPU
		{44B30D99-E33B-44F4-AEBD-4ED11F797983}.Debug|Any CPU.ActiveCfg = Debug|Any CPU
		{44B30D99-E33B-44F4-AEBD-4ED11F797983}.Debug|Any CPU.Build.0 = Debug|Any CPU
		{44B30D99-E33B-44F4-AEBD-4ED11F797983}.Debug|x64.ActiveCfg = Debug|Any CPU
		{44B30D99-E33B-44F4-AEBD-4ED11F797983}.Debug|x64.Build.0 = Debug|Any CPU
		{44B30D99-E33B-44F4-AEBD-4ED11F797983}.Debug|x86.ActiveCfg = Debug|Any CPU
		{44B30D99-E33B-44F4-AEBD-4ED11F797983}.Debug|x86.Build.0 = Debug|Any CPU
		{44B30D99-E33B-44F4-AEBD-4ED11F797983}.Release|Any CPU.ActiveCfg = Release|Any CPU
		{44B30D99-E33B-44F4-AEBD-4ED11F797983}.Release|Any CPU.Build.0 = Release|Any CPU
		{44B30D99-E33B-44F4-AEBD-4ED11F797983}.Release|x64.ActiveCfg = Release|Any CPU
		{44B30D99-E33B-44F4-AEBD-4ED11F797983}.Release|x64.Build.0 = Release|Any CPU
		{44B30D99-E33B-44F4-AEBD-4ED11F797983}.Release|x86.ActiveCfg = Release|Any CPU
		{44B30D99-E33B-44F4-AEBD-4ED11F797983}.Release|x86.Build.0 = Release|Any CPU
		{EADBBE65-3D8A-42E8-AB55-9E4F6CC24C9B}.Debug|Any CPU.ActiveCfg = Debug|Any CPU
		{EADBBE65-3D8A-42E8-AB55-9E4F6CC24C9B}.Debug|Any CPU.Build.0 = Debug|Any CPU
		{EADBBE65-3D8A-42E8-AB55-9E4F6CC24C9B}.Debug|x64.ActiveCfg = Debug|Any CPU
		{EADBBE65-3D8A-42E8-AB55-9E4F6CC24C9B}.Debug|x64.Build.0 = Debug|Any CPU
		{EADBBE65-3D8A-42E8-AB55-9E4F6CC24C9B}.Debug|x86.ActiveCfg = Debug|Any CPU
		{EADBBE65-3D8A-42E8-AB55-9E4F6CC24C9B}.Debug|x86.Build.0 = Debug|Any CPU
		{EADBBE65-3D8A-42E8-AB55-9E4F6CC24C9B}.Release|Any CPU.ActiveCfg = Release|Any CPU
		{EADBBE65-3D8A-42E8-AB55-9E4F6CC24C9B}.Release|Any CPU.Build.0 = Release|Any CPU
		{EADBBE65-3D8A-42E8-AB55-9E4F6CC24C9B}.Release|x64.ActiveCfg = Release|Any CPU
		{EADBBE65-3D8A-42E8-AB55-9E4F6CC24C9B}.Release|x64.Build.0 = Release|Any CPU
		{EADBBE65-3D8A-42E8-AB55-9E4F6CC24C9B}.Release|x86.ActiveCfg = Release|Any CPU
		{EADBBE65-3D8A-42E8-AB55-9E4F6CC24C9B}.Release|x86.Build.0 = Release|Any CPU
	EndGlobalSection
	GlobalSection(SolutionProperties) = preSolution
		HideSolutionNode = FALSE
	EndGlobalSection
	GlobalSection(NestedProjects) = preSolution
		{EADBBE65-3D8A-42E8-AB55-9E4F6CC24C9B} = {E33D1C49-C206-46B3-96B7-6A6A3739AC1A}
	EndGlobalSection
	GlobalSection(ExtensibilityGlobals) = postSolution
		SolutionGuid = {97A2E329-50D4-4BED-83DC-07A03688317D}
	EndGlobalSection
EndGlobal
